// !$*UTF8*$!
{
	archiveVersion = 1;
	classes = {
	};
	objectVersion = 52;
	objects = {

/* Begin PBXBuildFile section */
		02235ADD24D2726700E145A6 /* QueryParser.swift in Sources */ = {isa = PBXBuildFile; fileRef = 02235ADC24D2726700E145A6 /* QueryParser.swift */; };
		02235ADF24D2732D00E145A6 /* QueryParserTests.swift in Sources */ = {isa = PBXBuildFile; fileRef = 02235ADE24D2732D00E145A6 /* QueryParserTests.swift */; };
		02379C1124D26626001C3687 /* DailyWeatherRow.swift in Sources */ = {isa = PBXBuildFile; fileRef = 02379C1024D26626001C3687 /* DailyWeatherRow.swift */; };
		029DBA8A24D1162E00A697C5 /* AppDelegate.swift in Sources */ = {isa = PBXBuildFile; fileRef = 029DBA8924D1162E00A697C5 /* AppDelegate.swift */; };
		029DBA8C24D1162E00A697C5 /* SceneDelegate.swift in Sources */ = {isa = PBXBuildFile; fileRef = 029DBA8B24D1162E00A697C5 /* SceneDelegate.swift */; };
		029DBA8E24D1162E00A697C5 /* ContentView.swift in Sources */ = {isa = PBXBuildFile; fileRef = 029DBA8D24D1162E00A697C5 /* ContentView.swift */; };
		029DBA9024D1163000A697C5 /* Assets.xcassets in Resources */ = {isa = PBXBuildFile; fileRef = 029DBA8F24D1163000A697C5 /* Assets.xcassets */; };
		029DBA9324D1163000A697C5 /* Preview Assets.xcassets in Resources */ = {isa = PBXBuildFile; fileRef = 029DBA9224D1163000A697C5 /* Preview Assets.xcassets */; };
		029DBA9624D1163000A697C5 /* LaunchScreen.storyboard in Resources */ = {isa = PBXBuildFile; fileRef = 029DBA9424D1163000A697C5 /* LaunchScreen.storyboard */; };
		029DBAA124D1163000A697C5 /* WeatherAppTests.swift in Sources */ = {isa = PBXBuildFile; fileRef = 029DBAA024D1163000A697C5 /* WeatherAppTests.swift */; };
		029DBAAC24D1163000A697C5 /* WeatherAppUITests.swift in Sources */ = {isa = PBXBuildFile; fileRef = 029DBAAB24D1163000A697C5 /* WeatherAppUITests.swift */; };
		029DBABB24D116CE00A697C5 /* MapKit.framework in Frameworks */ = {isa = PBXBuildFile; fileRef = 029DBABA24D116CE00A697C5 /* MapKit.framework */; };
		029DBABD24D1173600A697C5 /* MapView.swift in Sources */ = {isa = PBXBuildFile; fileRef = 029DBABC24D1173600A697C5 /* MapView.swift */; };
		029DBABF24D1189D00A697C5 /* Constants.swift in Sources */ = {isa = PBXBuildFile; fileRef = 029DBABE24D1189D00A697C5 /* Constants.swift */; };
		029DBAC224D11DBF00A697C5 /* CircleImage.swift in Sources */ = {isa = PBXBuildFile; fileRef = 029DBAC124D11DBF00A697C5 /* CircleImage.swift */; };
		029DBAC524D1BFCD00A697C5 /* ComposableArchitecture in Frameworks */ = {isa = PBXBuildFile; productRef = 029DBAC424D1BFCD00A697C5 /* ComposableArchitecture */; };
		029DBAC724D1BFCD00A697C5 /* ComposableCoreLocation in Frameworks */ = {isa = PBXBuildFile; productRef = 029DBAC624D1BFCD00A697C5 /* ComposableCoreLocation */; };
		029DBACA24D1C02F00A697C5 /* AppState.swift in Sources */ = {isa = PBXBuildFile; fileRef = 029DBAC924D1C02F00A697C5 /* AppState.swift */; };
		029DBACC24D1C27100A697C5 /* AppAction.swift in Sources */ = {isa = PBXBuildFile; fileRef = 029DBACB24D1C27100A697C5 /* AppAction.swift */; };
		029DBACE24D1C2BD00A697C5 /* AppEnvironment.swift in Sources */ = {isa = PBXBuildFile; fileRef = 029DBACD24D1C2BD00A697C5 /* AppEnvironment.swift */; };
		029DBAD024D1C32A00A697C5 /* AppReducer.swift in Sources */ = {isa = PBXBuildFile; fileRef = 029DBACF24D1C32A00A697C5 /* AppReducer.swift */; };
		029DBAD224D1C75100A697C5 /* CurrentConditionResponse.swift in Sources */ = {isa = PBXBuildFile; fileRef = 029DBAD124D1C75100A697C5 /* CurrentConditionResponse.swift */; };
/* End PBXBuildFile section */

/* Begin PBXContainerItemProxy section */
		029DBA9D24D1163000A697C5 /* PBXContainerItemProxy */ = {
			isa = PBXContainerItemProxy;
			containerPortal = 029DBA7E24D1162E00A697C5 /* Project object */;
			proxyType = 1;
			remoteGlobalIDString = 029DBA8524D1162E00A697C5;
			remoteInfo = WeatherApp;
		};
		029DBAA824D1163000A697C5 /* PBXContainerItemProxy */ = {
			isa = PBXContainerItemProxy;
			containerPortal = 029DBA7E24D1162E00A697C5 /* Project object */;
			proxyType = 1;
			remoteGlobalIDString = 029DBA8524D1162E00A697C5;
			remoteInfo = WeatherApp;
		};
/* End PBXContainerItemProxy section */

/* Begin PBXFileReference section */
		02235ADC24D2726700E145A6 /* QueryParser.swift */ = {isa = PBXFileReference; lastKnownFileType = sourcecode.swift; path = QueryParser.swift; sourceTree = "<group>"; };
		02235ADE24D2732D00E145A6 /* QueryParserTests.swift */ = {isa = PBXFileReference; lastKnownFileType = sourcecode.swift; path = QueryParserTests.swift; sourceTree = "<group>"; };
		02379C1024D26626001C3687 /* DailyWeatherRow.swift */ = {isa = PBXFileReference; lastKnownFileType = sourcecode.swift; path = DailyWeatherRow.swift; sourceTree = "<group>"; };
		029DBA8624D1162E00A697C5 /* WeatherApp.app */ = {isa = PBXFileReference; explicitFileType = wrapper.application; includeInIndex = 0; path = WeatherApp.app; sourceTree = BUILT_PRODUCTS_DIR; };
		029DBA8924D1162E00A697C5 /* AppDelegate.swift */ = {isa = PBXFileReference; lastKnownFileType = sourcecode.swift; path = AppDelegate.swift; sourceTree = "<group>"; };
		029DBA8B24D1162E00A697C5 /* SceneDelegate.swift */ = {isa = PBXFileReference; lastKnownFileType = sourcecode.swift; path = SceneDelegate.swift; sourceTree = "<group>"; };
		029DBA8D24D1162E00A697C5 /* ContentView.swift */ = {isa = PBXFileReference; lastKnownFileType = sourcecode.swift; path = ContentView.swift; sourceTree = "<group>"; };
		029DBA8F24D1163000A697C5 /* Assets.xcassets */ = {isa = PBXFileReference; lastKnownFileType = folder.assetcatalog; path = Assets.xcassets; sourceTree = "<group>"; };
		029DBA9224D1163000A697C5 /* Preview Assets.xcassets */ = {isa = PBXFileReference; lastKnownFileType = folder.assetcatalog; path = "Preview Assets.xcassets"; sourceTree = "<group>"; };
		029DBA9524D1163000A697C5 /* Base */ = {isa = PBXFileReference; lastKnownFileType = file.storyboard; name = Base; path = Base.lproj/LaunchScreen.storyboard; sourceTree = "<group>"; };
		029DBA9724D1163000A697C5 /* Info.plist */ = {isa = PBXFileReference; lastKnownFileType = text.plist.xml; path = Info.plist; sourceTree = "<group>"; };
		029DBA9C24D1163000A697C5 /* WeatherAppTests.xctest */ = {isa = PBXFileReference; explicitFileType = wrapper.cfbundle; includeInIndex = 0; path = WeatherAppTests.xctest; sourceTree = BUILT_PRODUCTS_DIR; };
		029DBAA024D1163000A697C5 /* WeatherAppTests.swift */ = {isa = PBXFileReference; lastKnownFileType = sourcecode.swift; path = WeatherAppTests.swift; sourceTree = "<group>"; };
		029DBAA224D1163000A697C5 /* Info.plist */ = {isa = PBXFileReference; lastKnownFileType = text.plist.xml; path = Info.plist; sourceTree = "<group>"; };
		029DBAA724D1163000A697C5 /* WeatherAppUITests.xctest */ = {isa = PBXFileReference; explicitFileType = wrapper.cfbundle; includeInIndex = 0; path = WeatherAppUITests.xctest; sourceTree = BUILT_PRODUCTS_DIR; };
		029DBAAB24D1163000A697C5 /* WeatherAppUITests.swift */ = {isa = PBXFileReference; lastKnownFileType = sourcecode.swift; path = WeatherAppUITests.swift; sourceTree = "<group>"; };
		029DBAAD24D1163000A697C5 /* Info.plist */ = {isa = PBXFileReference; lastKnownFileType = text.plist.xml; path = Info.plist; sourceTree = "<group>"; };
		029DBABA24D116CE00A697C5 /* MapKit.framework */ = {isa = PBXFileReference; lastKnownFileType = wrapper.framework; name = MapKit.framework; path = System/Library/Frameworks/MapKit.framework; sourceTree = SDKROOT; };
		029DBABC24D1173600A697C5 /* MapView.swift */ = {isa = PBXFileReference; lastKnownFileType = sourcecode.swift; path = MapView.swift; sourceTree = "<group>"; };
		029DBABE24D1189D00A697C5 /* Constants.swift */ = {isa = PBXFileReference; lastKnownFileType = sourcecode.swift; path = Constants.swift; sourceTree = "<group>"; };
		029DBAC124D11DBF00A697C5 /* CircleImage.swift */ = {isa = PBXFileReference; lastKnownFileType = sourcecode.swift; path = CircleImage.swift; sourceTree = "<group>"; };
		029DBAC924D1C02F00A697C5 /* AppState.swift */ = {isa = PBXFileReference; lastKnownFileType = sourcecode.swift; path = AppState.swift; sourceTree = "<group>"; };
		029DBACB24D1C27100A697C5 /* AppAction.swift */ = {isa = PBXFileReference; lastKnownFileType = sourcecode.swift; path = AppAction.swift; sourceTree = "<group>"; };
		029DBACD24D1C2BD00A697C5 /* AppEnvironment.swift */ = {isa = PBXFileReference; lastKnownFileType = sourcecode.swift; path = AppEnvironment.swift; sourceTree = "<group>"; };
		029DBACF24D1C32A00A697C5 /* AppReducer.swift */ = {isa = PBXFileReference; lastKnownFileType = sourcecode.swift; path = AppReducer.swift; sourceTree = "<group>"; };
		029DBAD124D1C75100A697C5 /* CurrentConditionResponse.swift */ = {isa = PBXFileReference; lastKnownFileType = sourcecode.swift; path = CurrentConditionResponse.swift; sourceTree = "<group>"; };
/* End PBXFileReference section */

/* Begin PBXFrameworksBuildPhase section */
		029DBA8324D1162E00A697C5 /* Frameworks */ = {
			isa = PBXFrameworksBuildPhase;
			buildActionMask = 2147483647;
			files = (
				029DBAC724D1BFCD00A697C5 /* ComposableCoreLocation in Frameworks */,
				029DBAC524D1BFCD00A697C5 /* ComposableArchitecture in Frameworks */,
				029DBABB24D116CE00A697C5 /* MapKit.framework in Frameworks */,
			);
			runOnlyForDeploymentPostprocessing = 0;
		};
		029DBA9924D1163000A697C5 /* Frameworks */ = {
			isa = PBXFrameworksBuildPhase;
			buildActionMask = 2147483647;
			files = (
			);
			runOnlyForDeploymentPostprocessing = 0;
		};
		029DBAA424D1163000A697C5 /* Frameworks */ = {
			isa = PBXFrameworksBuildPhase;
			buildActionMask = 2147483647;
			files = (
			);
			runOnlyForDeploymentPostprocessing = 0;
		};
/* End PBXFrameworksBuildPhase section */

/* Begin PBXGroup section */
		02235ADB24D2725900E145A6 /* Model */ = {
			isa = PBXGroup;
			children = (
				02235ADC24D2726700E145A6 /* QueryParser.swift */,
			);
			path = Model;
			sourceTree = "<group>";
		};
		029DBA7D24D1162E00A697C5 = {
			isa = PBXGroup;
			children = (
				029DBA8824D1162E00A697C5 /* WeatherApp */,
				029DBA9F24D1163000A697C5 /* WeatherAppTests */,
				029DBAAA24D1163000A697C5 /* WeatherAppUITests */,
				029DBA8724D1162E00A697C5 /* Products */,
				029DBAB924D116CE00A697C5 /* Frameworks */,
			);
			sourceTree = "<group>";
		};
		029DBA8724D1162E00A697C5 /* Products */ = {
			isa = PBXGroup;
			children = (
				029DBA8624D1162E00A697C5 /* WeatherApp.app */,
				029DBA9C24D1163000A697C5 /* WeatherAppTests.xctest */,
				029DBAA724D1163000A697C5 /* WeatherAppUITests.xctest */,
			);
			name = Products;
			sourceTree = "<group>";
		};
		029DBA8824D1162E00A697C5 /* WeatherApp */ = {
			isa = PBXGroup;
			children = (
				02235ADB24D2725900E145A6 /* Model */,
				029DBAD324D1C75B00A697C5 /* API */,
				029DBAC824D1C02700A697C5 /* Architecture */,
				029DBAC024D11A9E00A697C5 /* MainView */,
				029DBA9124D1163000A697C5 /* Resources */,
				029DBA8924D1162E00A697C5 /* AppDelegate.swift */,
				029DBA8B24D1162E00A697C5 /* SceneDelegate.swift */,
				029DBABE24D1189D00A697C5 /* Constants.swift */,
			);
			path = WeatherApp;
			sourceTree = "<group>";
		};
		029DBA9124D1163000A697C5 /* Resources */ = {
			isa = PBXGroup;
			children = (
				029DBA8F24D1163000A697C5 /* Assets.xcassets */,
				029DBA9224D1163000A697C5 /* Preview Assets.xcassets */,
				029DBA9424D1163000A697C5 /* LaunchScreen.storyboard */,
				029DBA9724D1163000A697C5 /* Info.plist */,
			);
			path = Resources;
			sourceTree = "<group>";
		};
		029DBA9F24D1163000A697C5 /* WeatherAppTests */ = {
			isa = PBXGroup;
			children = (
				02235ADE24D2732D00E145A6 /* QueryParserTests.swift */,
				029DBAA024D1163000A697C5 /* WeatherAppTests.swift */,
				029DBAA224D1163000A697C5 /* Info.plist */,
			);
			path = WeatherAppTests;
			sourceTree = "<group>";
		};
		029DBAAA24D1163000A697C5 /* WeatherAppUITests */ = {
			isa = PBXGroup;
			children = (
				029DBAAB24D1163000A697C5 /* WeatherAppUITests.swift */,
				029DBAAD24D1163000A697C5 /* Info.plist */,
			);
			path = WeatherAppUITests;
			sourceTree = "<group>";
		};
		029DBAB924D116CE00A697C5 /* Frameworks */ = {
			isa = PBXGroup;
			children = (
				029DBABA24D116CE00A697C5 /* MapKit.framework */,
			);
			name = Frameworks;
			sourceTree = "<group>";
		};
		029DBAC024D11A9E00A697C5 /* MainView */ = {
			isa = PBXGroup;
			children = (
				029DBA8D24D1162E00A697C5 /* ContentView.swift */,
				029DBABC24D1173600A697C5 /* MapView.swift */,
				029DBAC124D11DBF00A697C5 /* CircleImage.swift */,
				02379C1024D26626001C3687 /* DailyWeatherRow.swift */,
			);
			path = MainView;
			sourceTree = "<group>";
		};
		029DBAC824D1C02700A697C5 /* Architecture */ = {
			isa = PBXGroup;
			children = (
				029DBAC924D1C02F00A697C5 /* AppState.swift */,
				029DBACB24D1C27100A697C5 /* AppAction.swift */,
				029DBACD24D1C2BD00A697C5 /* AppEnvironment.swift */,
				029DBACF24D1C32A00A697C5 /* AppReducer.swift */,
			);
			path = Architecture;
			sourceTree = "<group>";
		};
		029DBAD324D1C75B00A697C5 /* API */ = {
			isa = PBXGroup;
			children = (
				029DBAD124D1C75100A697C5 /* CurrentConditionResponse.swift */,
			);
			path = API;
			sourceTree = "<group>";
		};
/* End PBXGroup section */

/* Begin PBXNativeTarget section */
		029DBA8524D1162E00A697C5 /* WeatherApp */ = {
			isa = PBXNativeTarget;
			buildConfigurationList = 029DBAB024D1163000A697C5 /* Build configuration list for PBXNativeTarget "WeatherApp" */;
			buildPhases = (
				029DBA8224D1162E00A697C5 /* Sources */,
				029DBA8324D1162E00A697C5 /* Frameworks */,
				029DBA8424D1162E00A697C5 /* Resources */,
			);
			buildRules = (
			);
			dependencies = (
			);
			name = WeatherApp;
			packageProductDependencies = (
				029DBAC424D1BFCD00A697C5 /* ComposableArchitecture */,
				029DBAC624D1BFCD00A697C5 /* ComposableCoreLocation */,
			);
			productName = WeatherApp;
			productReference = 029DBA8624D1162E00A697C5 /* WeatherApp.app */;
			productType = "com.apple.product-type.application";
		};
		029DBA9B24D1163000A697C5 /* WeatherAppTests */ = {
			isa = PBXNativeTarget;
			buildConfigurationList = 029DBAB324D1163000A697C5 /* Build configuration list for PBXNativeTarget "WeatherAppTests" */;
			buildPhases = (
				029DBA9824D1163000A697C5 /* Sources */,
				029DBA9924D1163000A697C5 /* Frameworks */,
				029DBA9A24D1163000A697C5 /* Resources */,
			);
			buildRules = (
			);
			dependencies = (
				029DBA9E24D1163000A697C5 /* PBXTargetDependency */,
			);
			name = WeatherAppTests;
			productName = WeatherAppTests;
			productReference = 029DBA9C24D1163000A697C5 /* WeatherAppTests.xctest */;
			productType = "com.apple.product-type.bundle.unit-test";
		};
		029DBAA624D1163000A697C5 /* WeatherAppUITests */ = {
			isa = PBXNativeTarget;
			buildConfigurationList = 029DBAB624D1163000A697C5 /* Build configuration list for PBXNativeTarget "WeatherAppUITests" */;
			buildPhases = (
				029DBAA324D1163000A697C5 /* Sources */,
				029DBAA424D1163000A697C5 /* Frameworks */,
				029DBAA524D1163000A697C5 /* Resources */,
			);
			buildRules = (
			);
			dependencies = (
				029DBAA924D1163000A697C5 /* PBXTargetDependency */,
			);
			name = WeatherAppUITests;
			productName = WeatherAppUITests;
			productReference = 029DBAA724D1163000A697C5 /* WeatherAppUITests.xctest */;
			productType = "com.apple.product-type.bundle.ui-testing";
		};
/* End PBXNativeTarget section */

/* Begin PBXProject section */
		029DBA7E24D1162E00A697C5 /* Project object */ = {
			isa = PBXProject;
			attributes = {
				LastSwiftUpdateCheck = 1140;
				LastUpgradeCheck = 1140;
				ORGANIZATIONNAME = "Mark Schisler";
				TargetAttributes = {
					029DBA8524D1162E00A697C5 = {
						CreatedOnToolsVersion = 11.4.1;
					};
					029DBA9B24D1163000A697C5 = {
						CreatedOnToolsVersion = 11.4.1;
						TestTargetID = 029DBA8524D1162E00A697C5;
					};
					029DBAA624D1163000A697C5 = {
						CreatedOnToolsVersion = 11.4.1;
						TestTargetID = 029DBA8524D1162E00A697C5;
					};
				};
			};
			buildConfigurationList = 029DBA8124D1162E00A697C5 /* Build configuration list for PBXProject "WeatherApp" */;
			compatibilityVersion = "Xcode 9.3";
			developmentRegion = en;
			hasScannedForEncodings = 0;
			knownRegions = (
				en,
				Base,
			);
			mainGroup = 029DBA7D24D1162E00A697C5;
			packageReferences = (
				029DBAC324D1BFCD00A697C5 /* XCRemoteSwiftPackageReference "swift-composable-architecture" */,
			);
			productRefGroup = 029DBA8724D1162E00A697C5 /* Products */;
			projectDirPath = "";
			projectRoot = "";
			targets = (
				029DBA8524D1162E00A697C5 /* WeatherApp */,
				029DBA9B24D1163000A697C5 /* WeatherAppTests */,
				029DBAA624D1163000A697C5 /* WeatherAppUITests */,
			);
		};
/* End PBXProject section */

/* Begin PBXResourcesBuildPhase section */
		029DBA8424D1162E00A697C5 /* Resources */ = {
			isa = PBXResourcesBuildPhase;
			buildActionMask = 2147483647;
			files = (
				029DBA9624D1163000A697C5 /* LaunchScreen.storyboard in Resources */,
				029DBA9324D1163000A697C5 /* Preview Assets.xcassets in Resources */,
				029DBA9024D1163000A697C5 /* Assets.xcassets in Resources */,
			);
			runOnlyForDeploymentPostprocessing = 0;
		};
		029DBA9A24D1163000A697C5 /* Resources */ = {
			isa = PBXResourcesBuildPhase;
			buildActionMask = 2147483647;
			files = (
			);
			runOnlyForDeploymentPostprocessing = 0;
		};
		029DBAA524D1163000A697C5 /* Resources */ = {
			isa = PBXResourcesBuildPhase;
			buildActionMask = 2147483647;
			files = (
			);
			runOnlyForDeploymentPostprocessing = 0;
		};
/* End PBXResourcesBuildPhase section */

/* Begin PBXSourcesBuildPhase section */
		029DBA8224D1162E00A697C5 /* Sources */ = {
			isa = PBXSourcesBuildPhase;
			buildActionMask = 2147483647;
			files = (
				02235ADD24D2726700E145A6 /* QueryParser.swift in Sources */,
				029DBABF24D1189D00A697C5 /* Constants.swift in Sources */,
				029DBACC24D1C27100A697C5 /* AppAction.swift in Sources */,
				029DBA8A24D1162E00A697C5 /* AppDelegate.swift in Sources */,
				029DBACA24D1C02F00A697C5 /* AppState.swift in Sources */,
				029DBAD024D1C32A00A697C5 /* AppReducer.swift in Sources */,
				029DBABD24D1173600A697C5 /* MapView.swift in Sources */,
				029DBA8C24D1162E00A697C5 /* SceneDelegate.swift in Sources */,
				029DBA8E24D1162E00A697C5 /* ContentView.swift in Sources */,
				029DBAD224D1C75100A697C5 /* CurrentConditionResponse.swift in Sources */,
				029DBAC224D11DBF00A697C5 /* CircleImage.swift in Sources */,
				029DBACE24D1C2BD00A697C5 /* AppEnvironment.swift in Sources */,
				02379C1124D26626001C3687 /* DailyWeatherRow.swift in Sources */,
			);
			runOnlyForDeploymentPostprocessing = 0;
		};
		029DBA9824D1163000A697C5 /* Sources */ = {
			isa = PBXSourcesBuildPhase;
			buildActionMask = 2147483647;
			files = (
				029DBAA124D1163000A697C5 /* WeatherAppTests.swift in Sources */,
				02235ADF24D2732D00E145A6 /* QueryParserTests.swift in Sources */,
			);
			runOnlyForDeploymentPostprocessing = 0;
		};
		029DBAA324D1163000A697C5 /* Sources */ = {
			isa = PBXSourcesBuildPhase;
			buildActionMask = 2147483647;
			files = (
				029DBAAC24D1163000A697C5 /* WeatherAppUITests.swift in Sources */,
			);
			runOnlyForDeploymentPostprocessing = 0;
		};
/* End PBXSourcesBuildPhase section */

/* Begin PBXTargetDependency section */
		029DBA9E24D1163000A697C5 /* PBXTargetDependency */ = {
			isa = PBXTargetDependency;
			target = 029DBA8524D1162E00A697C5 /* WeatherApp */;
			targetProxy = 029DBA9D24D1163000A697C5 /* PBXContainerItemProxy */;
		};
		029DBAA924D1163000A697C5 /* PBXTargetDependency */ = {
			isa = PBXTargetDependency;
			target = 029DBA8524D1162E00A697C5 /* WeatherApp */;
			targetProxy = 029DBAA824D1163000A697C5 /* PBXContainerItemProxy */;
		};
/* End PBXTargetDependency section */

/* Begin PBXVariantGroup section */
		029DBA9424D1163000A697C5 /* LaunchScreen.storyboard */ = {
			isa = PBXVariantGroup;
			children = (
				029DBA9524D1163000A697C5 /* Base */,
			);
			name = LaunchScreen.storyboard;
			sourceTree = "<group>";
		};
/* End PBXVariantGroup section */

/* Begin XCBuildConfiguration section */
		029DBAAE24D1163000A697C5 /* Debug */ = {
			isa = XCBuildConfiguration;
			buildSettings = {
				ALWAYS_SEARCH_USER_PATHS = NO;
				CLANG_ANALYZER_NONNULL = YES;
				CLANG_ANALYZER_NUMBER_OBJECT_CONVERSION = YES_AGGRESSIVE;
				CLANG_CXX_LANGUAGE_STANDARD = "gnu++14";
				CLANG_CXX_LIBRARY = "libc++";
				CLANG_ENABLE_MODULES = YES;
				CLANG_ENABLE_OBJC_ARC = YES;
				CLANG_ENABLE_OBJC_WEAK = YES;
				CLANG_WARN_BLOCK_CAPTURE_AUTORELEASING = YES;
				CLANG_WARN_BOOL_CONVERSION = YES;
				CLANG_WARN_COMMA = YES;
				CLANG_WARN_CONSTANT_CONVERSION = YES;
				CLANG_WARN_DEPRECATED_OBJC_IMPLEMENTATIONS = YES;
				CLANG_WARN_DIRECT_OBJC_ISA_USAGE = YES_ERROR;
				CLANG_WARN_DOCUMENTATION_COMMENTS = YES;
				CLANG_WARN_EMPTY_BODY = YES;
				CLANG_WARN_ENUM_CONVERSION = YES;
				CLANG_WARN_INFINITE_RECURSION = YES;
				CLANG_WARN_INT_CONVERSION = YES;
				CLANG_WARN_NON_LITERAL_NULL_CONVERSION = YES;
				CLANG_WARN_OBJC_IMPLICIT_RETAIN_SELF = YES;
				CLANG_WARN_OBJC_LITERAL_CONVERSION = YES;
				CLANG_WARN_OBJC_ROOT_CLASS = YES_ERROR;
				CLANG_WARN_RANGE_LOOP_ANALYSIS = YES;
				CLANG_WARN_STRICT_PROTOTYPES = YES;
				CLANG_WARN_SUSPICIOUS_MOVE = YES;
				CLANG_WARN_UNGUARDED_AVAILABILITY = YES_AGGRESSIVE;
				CLANG_WARN_UNREACHABLE_CODE = YES;
				CLANG_WARN__DUPLICATE_METHOD_MATCH = YES;
				COPY_PHASE_STRIP = NO;
				DEBUG_INFORMATION_FORMAT = dwarf;
				ENABLE_STRICT_OBJC_MSGSEND = YES;
				ENABLE_TESTABILITY = YES;
				GCC_C_LANGUAGE_STANDARD = gnu11;
				GCC_DYNAMIC_NO_PIC = NO;
				GCC_NO_COMMON_BLOCKS = YES;
				GCC_OPTIMIZATION_LEVEL = 0;
				GCC_PREPROCESSOR_DEFINITIONS = (
					"DEBUG=1",
					"$(inherited)",
				);
				GCC_WARN_64_TO_32_BIT_CONVERSION = YES;
				GCC_WARN_ABOUT_RETURN_TYPE = YES_ERROR;
				GCC_WARN_UNDECLARED_SELECTOR = YES;
				GCC_WARN_UNINITIALIZED_AUTOS = YES_AGGRESSIVE;
				GCC_WARN_UNUSED_FUNCTION = YES;
				GCC_WARN_UNUSED_VARIABLE = YES;
				IPHONEOS_DEPLOYMENT_TARGET = 13.4;
				MTL_ENABLE_DEBUG_INFO = INCLUDE_SOURCE;
				MTL_FAST_MATH = YES;
				ONLY_ACTIVE_ARCH = YES;
				SDKROOT = iphoneos;
				SWIFT_ACTIVE_COMPILATION_CONDITIONS = DEBUG;
				SWIFT_OPTIMIZATION_LEVEL = "-Onone";
			};
			name = Debug;
		};
		029DBAAF24D1163000A697C5 /* Release */ = {
			isa = XCBuildConfiguration;
			buildSettings = {
				ALWAYS_SEARCH_USER_PATHS = NO;
				CLANG_ANALYZER_NONNULL = YES;
				CLANG_ANALYZER_NUMBER_OBJECT_CONVERSION = YES_AGGRESSIVE;
				CLANG_CXX_LANGUAGE_STANDARD = "gnu++14";
				CLANG_CXX_LIBRARY = "libc++";
				CLANG_ENABLE_MODULES = YES;
				CLANG_ENABLE_OBJC_ARC = YES;
				CLANG_ENABLE_OBJC_WEAK = YES;
				CLANG_WARN_BLOCK_CAPTURE_AUTORELEASING = YES;
				CLANG_WARN_BOOL_CONVERSION = YES;
				CLANG_WARN_COMMA = YES;
				CLANG_WARN_CONSTANT_CONVERSION = YES;
				CLANG_WARN_DEPRECATED_OBJC_IMPLEMENTATIONS = YES;
				CLANG_WARN_DIRECT_OBJC_ISA_USAGE = YES_ERROR;
				CLANG_WARN_DOCUMENTATION_COMMENTS = YES;
				CLANG_WARN_EMPTY_BODY = YES;
				CLANG_WARN_ENUM_CONVERSION = YES;
				CLANG_WARN_INFINITE_RECURSION = YES;
				CLANG_WARN_INT_CONVERSION = YES;
				CLANG_WARN_NON_LITERAL_NULL_CONVERSION = YES;
				CLANG_WARN_OBJC_IMPLICIT_RETAIN_SELF = YES;
				CLANG_WARN_OBJC_LITERAL_CONVERSION = YES;
				CLANG_WARN_OBJC_ROOT_CLASS = YES_ERROR;
				CLANG_WARN_RANGE_LOOP_ANALYSIS = YES;
				CLANG_WARN_STRICT_PROTOTYPES = YES;
				CLANG_WARN_SUSPICIOUS_MOVE = YES;
				CLANG_WARN_UNGUARDED_AVAILABILITY = YES_AGGRESSIVE;
				CLANG_WARN_UNREACHABLE_CODE = YES;
				CLANG_WARN__DUPLICATE_METHOD_MATCH = YES;
				COPY_PHASE_STRIP = NO;
				DEBUG_INFORMATION_FORMAT = "dwarf-with-dsym";
				ENABLE_NS_ASSERTIONS = NO;
				ENABLE_STRICT_OBJC_MSGSEND = YES;
				GCC_C_LANGUAGE_STANDARD = gnu11;
				GCC_NO_COMMON_BLOCKS = YES;
				GCC_WARN_64_TO_32_BIT_CONVERSION = YES;
				GCC_WARN_ABOUT_RETURN_TYPE = YES_ERROR;
				GCC_WARN_UNDECLARED_SELECTOR = YES;
				GCC_WARN_UNINITIALIZED_AUTOS = YES_AGGRESSIVE;
				GCC_WARN_UNUSED_FUNCTION = YES;
				GCC_WARN_UNUSED_VARIABLE = YES;
				IPHONEOS_DEPLOYMENT_TARGET = 13.4;
				MTL_ENABLE_DEBUG_INFO = NO;
				MTL_FAST_MATH = YES;
				SDKROOT = iphoneos;
				SWIFT_COMPILATION_MODE = wholemodule;
				SWIFT_OPTIMIZATION_LEVEL = "-O";
				VALIDATE_PRODUCT = YES;
			};
			name = Release;
		};
		029DBAB124D1163000A697C5 /* Debug */ = {
			isa = XCBuildConfiguration;
			buildSettings = {
				ASSETCATALOG_COMPILER_APPICON_NAME = AppIcon;
				CODE_SIGN_STYLE = Automatic;
				DEVELOPMENT_ASSET_PATHS = "\"WeatherApp/Resources/\"";
				DEVELOPMENT_TEAM = D63A5XC5P7;
				ENABLE_PREVIEWS = YES;
				INFOPLIST_FILE = WeatherApp/Resources/Info.plist;
				LD_RUNPATH_SEARCH_PATHS = (
					"$(inherited)",
					"@executable_path/Frameworks",
				);
				PRODUCT_BUNDLE_IDENTIFIER = com.mobconverge.WeatherApp;
				PRODUCT_NAME = "$(TARGET_NAME)";
				SWIFT_VERSION = 5.0;
				TARGETED_DEVICE_FAMILY = "1,2";
			};
			name = Debug;
		};
		029DBAB224D1163000A697C5 /* Release */ = {
			isa = XCBuildConfiguration;
			buildSettings = {
				ASSETCATALOG_COMPILER_APPICON_NAME = AppIcon;
				CODE_SIGN_STYLE = Automatic;
				DEVELOPMENT_ASSET_PATHS = "\"WeatherApp/Resources/\"";
				DEVELOPMENT_TEAM = D63A5XC5P7;
				ENABLE_PREVIEWS = YES;
				INFOPLIST_FILE = WeatherApp/Resources/Info.plist;
				LD_RUNPATH_SEARCH_PATHS = (
					"$(inherited)",
					"@executable_path/Frameworks",
				);
				PRODUCT_BUNDLE_IDENTIFIER = com.mobconverge.WeatherApp;
				PRODUCT_NAME = "$(TARGET_NAME)";
				SWIFT_VERSION = 5.0;
				TARGETED_DEVICE_FAMILY = "1,2";
			};
			name = Release;
		};
		029DBAB424D1163000A697C5 /* Debug */ = {
			isa = XCBuildConfiguration;
			buildSettings = {
				ALWAYS_EMBED_SWIFT_STANDARD_LIBRARIES = YES;
				BUNDLE_LOADER = "$(TEST_HOST)";
				CODE_SIGN_STYLE = Automatic;
				DEVELOPMENT_TEAM = D63A5XC5P7;
				INFOPLIST_FILE = WeatherAppTests/Info.plist;
				IPHONEOS_DEPLOYMENT_TARGET = 13.4;
				LD_RUNPATH_SEARCH_PATHS = (
					"$(inherited)",
					"@executable_path/Frameworks",
					"@loader_path/Frameworks",
				);
				PRODUCT_BUNDLE_IDENTIFIER = com.mobconverge.WeatherAppTests;
				PRODUCT_NAME = "$(TARGET_NAME)";
				SWIFT_VERSION = 5.0;
				TARGETED_DEVICE_FAMILY = "1,2";
				TEST_HOST = "$(BUILT_PRODUCTS_DIR)/WeatherApp.app/WeatherApp";
			};
			name = Debug;
		};
		029DBAB524D1163000A697C5 /* Release */ = {
			isa = XCBuildConfiguration;
			buildSettings = {
				ALWAYS_EMBED_SWIFT_STANDARD_LIBRARIES = YES;
				BUNDLE_LOADER = "$(TEST_HOST)";
				CODE_SIGN_STYLE = Automatic;
				DEVELOPMENT_TEAM = D63A5XC5P7;
				INFOPLIST_FILE = WeatherAppTests/Info.plist;
				IPHONEOS_DEPLOYMENT_TARGET = 13.4;
				LD_RUNPATH_SEARCH_PATHS = (
					"$(inherited)",
					"@executable_path/Frameworks",
					"@loader_path/Frameworks",
				);
				PRODUCT_BUNDLE_IDENTIFIER = com.mobconverge.WeatherAppTests;
				PRODUCT_NAME = "$(TARGET_NAME)";
				SWIFT_VERSION = 5.0;
				TARGETED_DEVICE_FAMILY = "1,2";
				TEST_HOST = "$(BUILT_PRODUCTS_DIR)/WeatherApp.app/WeatherApp";
			};
			name = Release;
		};
		029DBAB724D1163000A697C5 /* Debug */ = {
			isa = XCBuildConfiguration;
			buildSettings = {
				ALWAYS_EMBED_SWIFT_STANDARD_LIBRARIES = YES;
				CODE_SIGN_STYLE = Automatic;
				DEVELOPMENT_TEAM = D63A5XC5P7;
				INFOPLIST_FILE = WeatherAppUITests/Info.plist;
				LD_RUNPATH_SEARCH_PATHS = (
					"$(inherited)",
					"@executable_path/Frameworks",
					"@loader_path/Frameworks",
				);
				PRODUCT_BUNDLE_IDENTIFIER = com.mobconverge.WeatherAppUITests;
				PRODUCT_NAME = "$(TARGET_NAME)";
				SWIFT_VERSION = 5.0;
				TARGETED_DEVICE_FAMILY = "1,2";
				TEST_TARGET_NAME = WeatherApp;
			};
			name = Debug;
		};
		029DBAB824D1163000A697C5 /* Release */ = {
			isa = XCBuildConfiguration;
			buildSettings = {
				ALWAYS_EMBED_SWIFT_STANDARD_LIBRARIES = YES;
				CODE_SIGN_STYLE = Automatic;
				DEVELOPMENT_TEAM = D63A5XC5P7;
				INFOPLIST_FILE = WeatherAppUITests/Info.plist;
				LD_RUNPATH_SEARCH_PATHS = (
					"$(inherited)",
					"@executable_path/Frameworks",
					"@loader_path/Frameworks",
				);
				PRODUCT_BUNDLE_IDENTIFIER = com.mobconverge.WeatherAppUITests;
				PRODUCT_NAME = "$(TARGET_NAME)";
				SWIFT_VERSION = 5.0;
				TARGETED_DEVICE_FAMILY = "1,2";
				TEST_TARGET_NAME = WeatherApp;
			};
			name = Release;
		};
/* End XCBuildConfiguration section */

/* Begin XCConfigurationList section */
		029DBA8124D1162E00A697C5 /* Build configuration list for PBXProject "WeatherApp" */ = {
			isa = XCConfigurationList;
			buildConfigurations = (
				029DBAAE24D1163000A697C5 /* Debug */,
				029DBAAF24D1163000A697C5 /* Release */,
			);
			defaultConfigurationIsVisible = 0;
			defaultConfigurationName = Release;
		};
		029DBAB024D1163000A697C5 /* Build configuration list for PBXNativeTarget "WeatherApp" */ = {
			isa = XCConfigurationList;
			buildConfigurations = (
				029DBAB124D1163000A697C5 /* Debug */,
				029DBAB224D1163000A697C5 /* Release */,
			);
			defaultConfigurationIsVisible = 0;
			defaultConfigurationName = Release;
		};
		029DBAB324D1163000A697C5 /* Build configuration list for PBXNativeTarget "WeatherAppTests" */ = {
			isa = XCConfigurationList;
			buildConfigurations = (
				029DBAB424D1163000A697C5 /* Debug */,
				029DBAB524D1163000A697C5 /* Release */,
			);
			defaultConfigurationIsVisible = 0;
			defaultConfigurationName = Release;
		};
		029DBAB624D1163000A697C5 /* Build configuration list for PBXNativeTarget "WeatherAppUITests" */ = {
			isa = XCConfigurationList;
			buildConfigurations = (
				029DBAB724D1163000A697C5 /* Debug */,
				029DBAB824D1163000A697C5 /* Release */,
			);
			defaultConfigurationIsVisible = 0;
			defaultConfigurationName = Release;
		};
/* End XCConfigurationList section */

/* Begin XCRemoteSwiftPackageReference section */
		029DBAC324D1BFCD00A697C5 /* XCRemoteSwiftPackageReference "swift-composable-architecture" */ = {
			isa = XCRemoteSwiftPackageReference;
			repositoryURL = "https://github.com/pointfreeco/swift-composable-architecture";
			requirement = {
				kind = upToNextMajorVersion;
				minimumVersion = 0.6.0;
			};
		};
/* End XCRemoteSwiftPackageReference section */

/* Begin XCSwiftPackageProductDependency section */
		029DBAC424D1BFCD00A697C5 /* ComposableArchitecture */ = {
			isa = XCSwiftPackageProductDependency;
			package = 029DBAC324D1BFCD00A697C5 /* XCRemoteSwiftPackageReference "swift-composable-architecture" */;
			productName = ComposableArchitecture;
		};
		029DBAC624D1BFCD00A697C5 /* ComposableCoreLocation */ = {
			isa = XCSwiftPackageProductDependency;
			package = 029DBAC324D1BFCD00A697C5 /* XCRemoteSwiftPackageReference "swift-composable-architecture" */;
			productName = ComposableCoreLocation;
		};
/* End XCSwiftPackageProductDependency section */
	};
	rootObject = 029DBA7E24D1162E00A697C5 /* Project object */;
}
